
Microsoft Visual Studio Solution File, Format Version 12.00
# Visual Studio Version 16
VisualStudioVersion = 16.0.29306.81
MinimumVisualStudioVersion = 10.0.40219.1
Project("{FAE04EC0-301F-11D3-BF4B-00C04F79EFBC}") = "ItAcademyProject", "ItAcademyProject\ItAcademyProject.csproj", "{FAFB4CF2-2F48-4654-B6D7-81A170386FF7}"
EndProject
Project("{FAE04EC0-301F-11D3-BF4B-00C04F79EFBC}") = "Loger", "Loger\Loger.csproj", "{9BBAD293-6441-411D-B49F-A4867D00DB9D}"
EndProject
Global
	GlobalSection(SolutionConfigurationPlatforms) = preSolution
		Debug|Any CPU = Debug|Any CPU
		Release|Any CPU = Release|Any CPU
	EndGlobalSection
	GlobalSection(ProjectConfigurationPlatforms) = postSolution
		{FAFB4CF2-2F48-4654-B6D7-81A170386FF7}.Debug|Any CPU.ActiveCfg = Debug|Any CPU
		{FAFB4CF2-2F48-4654-B6D7-81A170386FF7}.Debug|Any CPU.Build.0 = Debug|Any CPU
		{FAFB4CF2-2F48-4654-B6D7-81A170386FF7}.Release|Any CPU.ActiveCfg = Release|Any CPU
		{FAFB4CF2-2F48-4654-B6D7-81A170386FF7}.Release|Any CPU.Build.0 = Release|Any CPU
		{9BBAD293-6441-411D-B49F-A4867D00DB9D}.Debug|Any CPU.ActiveCfg = Debug|Any CPU
		{9BBAD293-6441-411D-B49F-A4867D00DB9D}.Debug|Any CPU.Build.0 = Debug|Any CPU
		{9BBAD293-6441-411D-B49F-A4867D00DB9D}.Release|Any CPU.ActiveCfg = Release|Any CPU
		{9BBAD293-6441-411D-B49F-A4867D00DB9D}.Release|Any CPU.Build.0 = Release|Any CPU
	EndGlobalSection
	GlobalSection(SolutionProperties) = preSolution
		HideSolutionNode = FALSE
	EndGlobalSection
	GlobalSection(ExtensibilityGlobals) = postSolution
		SolutionGuid = {C6D96427-8986-4F15-B974-615E24FD6ABD}
	EndGlobalSection
EndGlobal
